
Microsoft Visual Studio Solution File, Format Version 12.00
# Visual Studio Version 17
VisualStudioVersion = 17.6.33829.357
MinimumVisualStudioVersion = 10.0.40219.1
Project("{FAE04EC0-301F-11D3-BF4B-00C04F79EFBC}") = "OutDemo", "OutDemo.csproj", "{949DF481-5BC9-43C0-AACD-B7AAAFEC7BFE}"
EndProject
Global
	GlobalSection(SolutionConfigurationPlatforms) = preSolution
		Debug|Any CPU = Debug|Any CPU
		Release|Any CPU = Release|Any CPU
	EndGlobalSection
	GlobalSection(ProjectConfigurationPlatforms) = postSolution
		{949DF481-5BC9-43C0-AACD-B7AAAFEC7BFE}.Debug|Any CPU.ActiveCfg = Debug|Any CPU
		{949DF481-5BC9-43C0-AACD-B7AAAFEC7BFE}.Debug|Any CPU.Build.0 = Debug|Any CPU
		{949DF481-5BC9-43C0-AACD-B7AAAFEC7BFE}.Release|Any CPU.ActiveCfg = Release|Any CPU
		{949DF481-5BC9-43C0-AACD-B7AAAFEC7BFE}.Release|Any CPU.Build.0 = Release|Any CPU
	EndGlobalSection
	GlobalSection(SolutionProperties) = preSolution
		HideSolutionNode = FALSE
	EndGlobalSection
	GlobalSection(ExtensibilityGlobals) = postSolution
		SolutionGuid = {5387D037-E2AC-44EE-8B1B-FE503BD327D7}
	EndGlobalSection
EndGlobal
